# This file is automatically @generated by Cargo.
# It is not intended for manual editing.
version = 3

[[package]]
name = "bitcode"
version = "0.4.0"
source = "registry+https://github.com/rust-lang/crates.io-index"
checksum = "fab8eb922a99ab601facde7ae07200e811cdc2ae1df604ffd6c2b7c976dd3fff"
dependencies = [
 "bitcode_derive",
 "bytemuck",
 "from_bytes_or_zeroed",
 "residua-zigzag",
]

[[package]]
name = "bitcode_derive"
version = "0.1.4"
source = "registry+https://github.com/rust-lang/crates.io-index"
checksum = "a2ab471e684e2f6f3c3071361e2c30e41d7543f505658daae3ceb89c202d933e"
dependencies = [
 "packagemerge",
 "proc-macro2",
 "quote",
 "syn",
]

[[package]]
name = "bytemuck"
version = "1.17.1"
source = "registry+https://github.com/rust-lang/crates.io-index"
checksum = "773d90827bc3feecfb67fab12e24de0749aad83c74b9504ecde46237b5cd24e2"

[[package]]
name = "from_bytes_or_zeroed"
version = "0.1.0"
source = "registry+https://github.com/rust-lang/crates.io-index"
checksum = "3d25934a78435889223e575c7b0fc36a290c5a312e7a7ae901f10587792e142a"

[[package]]
name = "itertools"
version = "0.4.19"
source = "registry+https://github.com/rust-lang/crates.io-index"
checksum = "c4a9b56eb56058f43dc66e58f40a214b2ccbc9f3df51861b63d51dec7b65bc3f"

[[package]]
name = "packagemerge"
version = "0.1.0"
source = "registry+https://github.com/rust-lang/crates.io-index"
checksum = "0efcf6ee55f8f7a24333bc8d1dd0e541a6cedf903dbc07ae6479d7f8ff32ed08"
dependencies = [
 "itertools",
]

[[package]]
name = "proc-macro2"
version = "1.0.86"
source = "registry+https://github.com/rust-lang/crates.io-index"
checksum = "5e719e8df665df0d1c8fbfd238015744736151d4445ec0836b8e628aae103b77"
dependencies = [
 "unicode-ident",
]

[[package]]
name = "quote"
version = "1.0.37"
source = "registry+https://github.com/rust-lang/crates.io-index"
checksum = "b5b9d34b8991d19d98081b46eacdd8eb58c6f2b201139f7c5f643cc155a633af"
dependencies = [
 "proc-macro2",
]

[[package]]
name = "residua-zigzag"
version = "0.1.0"
source = "registry+https://github.com/rust-lang/crates.io-index"
checksum = "2b37805477eee599a61753230f511ae94d737f69b536e468e294723ad5f1b75f"

[[package]]
name = "syn"
version = "2.0.76"
source = "registry+https://github.com/rust-lang/crates.io-index"
checksum = "578e081a14e0cefc3279b0472138c513f37b41a08d5a3cca9b6e4e8ceb6cd525"
dependencies = [
 "proc-macro2",
 "quote",
 "unicode-ident",
]

[[package]]
name = "unicode-ident"
version = "1.0.12"
source = "registry+https://github.com/rust-lang/crates.io-index"
checksum = "3354b9ac3fae1ff6755cb6db53683adb661634f67557942dea4facebec0fee4b"

[[package]]
name = "wal-test"
version = "0.1.0"
dependencies = [
 "bitcode",
]
